// !$*UTF8*$!
{
	archiveVersion = 1;
	classes = {
	};
	objectVersion = 46;
	objects = {

/* Begin PBXBuildFile section */
		9DB965BB18F0AAAD00F88E6B /* MainViewController.m in Sources */ = {isa = PBXBuildFile; fileRef = 9DB965B918F0AAAD00F88E6B /* MainViewController.m */; };
		9DB965BC18F0AAAD00F88E6B /* MainViewController.xib in Resources */ = {isa = PBXBuildFile; fileRef = 9DB965BA18F0AAAD00F88E6B /* MainViewController.xib */; };
		AC0D608E18F9F36500409D4C /* CreateWeddingViewController.m in Sources */ = {isa = PBXBuildFile; fileRef = AC0D608C18F9F36500409D4C /* CreateWeddingViewController.m */; };
		AC0D608F18F9F36500409D4C /* CreateWeddingViewController.xib in Resources */ = {isa = PBXBuildFile; fileRef = AC0D608D18F9F36500409D4C /* CreateWeddingViewController.xib */; };
		AC0D609618FA2B4500409D4C /* AddressBook.framework in Frameworks */ = {isa = PBXBuildFile; fileRef = AC0D609518FA2B4500409D4C /* AddressBook.framework */; };
		AC0D609818FA2B4F00409D4C /* AddressBookUI.framework in Frameworks */ = {isa = PBXBuildFile; fileRef = AC0D609718FA2B4F00409D4C /* AddressBookUI.framework */; };
		AC0D609C18FB46F600409D4C /* GuestlistTableViewController.m in Sources */ = {isa = PBXBuildFile; fileRef = AC0D609A18FB46F600409D4C /* GuestlistTableViewController.m */; };
		AC0D609D18FB46F600409D4C /* GuestlistTableViewController.xib in Resources */ = {isa = PBXBuildFile; fileRef = AC0D609B18FB46F600409D4C /* GuestlistTableViewController.xib */; };
		AC0D60A118FB789400409D4C /* GuestlistTableViewCell.m in Sources */ = {isa = PBXBuildFile; fileRef = AC0D609F18FB789400409D4C /* GuestlistTableViewCell.m */; };
		AC0D60A218FB789400409D4C /* GuestlistTableViewCell.xib in Resources */ = {isa = PBXBuildFile; fileRef = AC0D60A018FB789400409D4C /* GuestlistTableViewCell.xib */; };
		AC9BBAF219023108006A35EA /* CustomParseLoginViewController.m in Sources */ = {isa = PBXBuildFile; fileRef = AC9BBAF119023108006A35EA /* CustomParseLoginViewController.m */; };
		AC9FD92819033405005AFADF /* CustomParseSignupViewController.m in Sources */ = {isa = PBXBuildFile; fileRef = AC9FD92719033405005AFADF /* CustomParseSignupViewController.m */; };
		ACF3170418EBD60C006C45F7 /* Foundation.framework in Frameworks */ = {isa = PBXBuildFile; fileRef = ACF3170318EBD60C006C45F7 /* Foundation.framework */; };
		ACF3170618EBD60C006C45F7 /* CoreGraphics.framework in Frameworks */ = {isa = PBXBuildFile; fileRef = ACF3170518EBD60C006C45F7 /* CoreGraphics.framework */; };
		ACF3170818EBD60C006C45F7 /* UIKit.framework in Frameworks */ = {isa = PBXBuildFile; fileRef = ACF3170718EBD60C006C45F7 /* UIKit.framework */; };
		ACF3170E18EBD60C006C45F7 /* InfoPlist.strings in Resources */ = {isa = PBXBuildFile; fileRef = ACF3170C18EBD60C006C45F7 /* InfoPlist.strings */; };
		ACF3171018EBD60C006C45F7 /* main.m in Sources */ = {isa = PBXBuildFile; fileRef = ACF3170F18EBD60C006C45F7 /* main.m */; };
		ACF3171418EBD60C006C45F7 /* AppDelegate.m in Sources */ = {isa = PBXBuildFile; fileRef = ACF3171318EBD60C006C45F7 /* AppDelegate.m */; };
		ACF3171618EBD60C006C45F7 /* Images.xcassets in Resources */ = {isa = PBXBuildFile; fileRef = ACF3171518EBD60C006C45F7 /* Images.xcassets */; };
		ACF3171D18EBD60C006C45F7 /* XCTest.framework in Frameworks */ = {isa = PBXBuildFile; fileRef = ACF3171C18EBD60C006C45F7 /* XCTest.framework */; };
		ACF3171E18EBD60C006C45F7 /* Foundation.framework in Frameworks */ = {isa = PBXBuildFile; fileRef = ACF3170318EBD60C006C45F7 /* Foundation.framework */; };
		ACF3171F18EBD60C006C45F7 /* UIKit.framework in Frameworks */ = {isa = PBXBuildFile; fileRef = ACF3170718EBD60C006C45F7 /* UIKit.framework */; };
		ACF3172718EBD60C006C45F7 /* InfoPlist.strings in Resources */ = {isa = PBXBuildFile; fileRef = ACF3172518EBD60C006C45F7 /* InfoPlist.strings */; };
		ACF3172918EBD60C006C45F7 /* WeddingGuestListManagerTests.m in Sources */ = {isa = PBXBuildFile; fileRef = ACF3172818EBD60C006C45F7 /* WeddingGuestListManagerTests.m */; };
		DA140A8D08EB4C97B90D3A7A /* libPods.a in Frameworks */ = {isa = PBXBuildFile; fileRef = F651D753892C4AA7B9C11177 /* libPods.a */; };
		EC346E4F18FB783F00B96799 /* MailgunHelperClient.m in Sources */ = {isa = PBXBuildFile; fileRef = EC346E4E18FB783F00B96799 /* MailgunHelperClient.m */; };
		EC346E5418FBA66F00B96799 /* InviteMessageViewController.m in Sources */ = {isa = PBXBuildFile; fileRef = EC346E5218FBA66F00B96799 /* InviteMessageViewController.m */; };
		EC346E5518FBA66F00B96799 /* InviteMessageViewController.xib in Resources */ = {isa = PBXBuildFile; fileRef = EC346E5318FBA66F00B96799 /* InviteMessageViewController.xib */; };
		EC346E5918FCB6CD00B96799 /* MessageCenterViewController.m in Sources */ = {isa = PBXBuildFile; fileRef = EC346E5718FCB6CD00B96799 /* MessageCenterViewController.m */; };
		EC346E5A18FCB6CD00B96799 /* MessageCenterViewController.xib in Resources */ = {isa = PBXBuildFile; fileRef = EC346E5818FCB6CD00B96799 /* MessageCenterViewController.xib */; };
		EC346E5E18FCB7C800B96799 /* RequestInfoViewController.m in Sources */ = {isa = PBXBuildFile; fileRef = EC346E5C18FCB7C800B96799 /* RequestInfoViewController.m */; };
		EC346E5F18FCB7C800B96799 /* RequestInfoViewController.xib in Resources */ = {isa = PBXBuildFile; fileRef = EC346E5D18FCB7C800B96799 /* RequestInfoViewController.xib */; };
		EC88D23318F0B06800A4CBC6 /* LoginViewController.m in Sources */ = {isa = PBXBuildFile; fileRef = EC88D23118F0B06800A4CBC6 /* LoginViewController.m */; };
		EC88D23418F0B06800A4CBC6 /* LoginViewController.xib in Resources */ = {isa = PBXBuildFile; fileRef = EC88D23218F0B06800A4CBC6 /* LoginViewController.xib */; };
		EC88D23818F0B9EE00A4CBC6 /* WeddingInfoViewController.m in Sources */ = {isa = PBXBuildFile; fileRef = EC88D23618F0B9EE00A4CBC6 /* WeddingInfoViewController.m */; };
		EC88D23918F0B9EE00A4CBC6 /* WeddingInfoViewController.xib in Resources */ = {isa = PBXBuildFile; fileRef = EC88D23718F0B9EE00A4CBC6 /* WeddingInfoViewController.xib */; };
/* End PBXBuildFile section */

/* Begin PBXContainerItemProxy section */
		ACF3172018EBD60C006C45F7 /* PBXContainerItemProxy */ = {
			isa = PBXContainerItemProxy;
			containerPortal = ACF316F818EBD60C006C45F7 /* Project object */;
			proxyType = 1;
			remoteGlobalIDString = ACF316FF18EBD60C006C45F7;
			remoteInfo = WeddingGuestListManager;
		};
/* End PBXContainerItemProxy section */

/* Begin PBXFileReference section */
		589093FBA71147EFAB74E19E /* Pods.xcconfig */ = {isa = PBXFileReference; includeInIndex = 1; lastKnownFileType = text.xcconfig; name = Pods.xcconfig; path = Pods/Pods.xcconfig; sourceTree = "<group>"; };
		9DB965B818F0AAAD00F88E6B /* MainViewController.h */ = {isa = PBXFileReference; fileEncoding = 4; lastKnownFileType = sourcecode.c.h; path = MainViewController.h; sourceTree = "<group>"; };
		9DB965B918F0AAAD00F88E6B /* MainViewController.m */ = {isa = PBXFileReference; fileEncoding = 4; lastKnownFileType = sourcecode.c.objc; path = MainViewController.m; sourceTree = "<group>"; };
		9DB965BA18F0AAAD00F88E6B /* MainViewController.xib */ = {isa = PBXFileReference; fileEncoding = 4; lastKnownFileType = file.xib; path = MainViewController.xib; sourceTree = "<group>"; };
		AC0D608B18F9F36500409D4C /* CreateWeddingViewController.h */ = {isa = PBXFileReference; fileEncoding = 4; lastKnownFileType = sourcecode.c.h; path = CreateWeddingViewController.h; sourceTree = "<group>"; };
		AC0D608C18F9F36500409D4C /* CreateWeddingViewController.m */ = {isa = PBXFileReference; fileEncoding = 4; lastKnownFileType = sourcecode.c.objc; path = CreateWeddingViewController.m; sourceTree = "<group>"; };
		AC0D608D18F9F36500409D4C /* CreateWeddingViewController.xib */ = {isa = PBXFileReference; fileEncoding = 4; lastKnownFileType = file.xib; path = CreateWeddingViewController.xib; sourceTree = "<group>"; };
		AC0D609518FA2B4500409D4C /* AddressBook.framework */ = {isa = PBXFileReference; lastKnownFileType = wrapper.framework; name = AddressBook.framework; path = System/Library/Frameworks/AddressBook.framework; sourceTree = SDKROOT; };
		AC0D609718FA2B4F00409D4C /* AddressBookUI.framework */ = {isa = PBXFileReference; lastKnownFileType = wrapper.framework; name = AddressBookUI.framework; path = System/Library/Frameworks/AddressBookUI.framework; sourceTree = SDKROOT; };
		AC0D609918FB46F600409D4C /* GuestlistTableViewController.h */ = {isa = PBXFileReference; fileEncoding = 4; lastKnownFileType = sourcecode.c.h; path = GuestlistTableViewController.h; sourceTree = "<group>"; };
		AC0D609A18FB46F600409D4C /* GuestlistTableViewController.m */ = {isa = PBXFileReference; fileEncoding = 4; lastKnownFileType = sourcecode.c.objc; path = GuestlistTableViewController.m; sourceTree = "<group>"; };
		AC0D609B18FB46F600409D4C /* GuestlistTableViewController.xib */ = {isa = PBXFileReference; fileEncoding = 4; lastKnownFileType = file.xib; path = GuestlistTableViewController.xib; sourceTree = "<group>"; };
		AC0D609E18FB789400409D4C /* GuestlistTableViewCell.h */ = {isa = PBXFileReference; fileEncoding = 4; lastKnownFileType = sourcecode.c.h; path = GuestlistTableViewCell.h; sourceTree = "<group>"; };
		AC0D609F18FB789400409D4C /* GuestlistTableViewCell.m */ = {isa = PBXFileReference; fileEncoding = 4; lastKnownFileType = sourcecode.c.objc; path = GuestlistTableViewCell.m; sourceTree = "<group>"; };
		AC0D60A018FB789400409D4C /* GuestlistTableViewCell.xib */ = {isa = PBXFileReference; fileEncoding = 4; lastKnownFileType = file.xib; path = GuestlistTableViewCell.xib; sourceTree = "<group>"; };
		AC9BBAF019023108006A35EA /* CustomParseLoginViewController.h */ = {isa = PBXFileReference; fileEncoding = 4; lastKnownFileType = sourcecode.c.h; path = CustomParseLoginViewController.h; sourceTree = "<group>"; };
		AC9BBAF119023108006A35EA /* CustomParseLoginViewController.m */ = {isa = PBXFileReference; fileEncoding = 4; lastKnownFileType = sourcecode.c.objc; path = CustomParseLoginViewController.m; sourceTree = "<group>"; };
		AC9FD92619033405005AFADF /* CustomParseSignupViewController.h */ = {isa = PBXFileReference; fileEncoding = 4; lastKnownFileType = sourcecode.c.h; path = CustomParseSignupViewController.h; sourceTree = "<group>"; };
		AC9FD92719033405005AFADF /* CustomParseSignupViewController.m */ = {isa = PBXFileReference; fileEncoding = 4; lastKnownFileType = sourcecode.c.objc; path = CustomParseSignupViewController.m; sourceTree = "<group>"; };
		ACF3170018EBD60C006C45F7 /* WeddingGuestListManager.app */ = {isa = PBXFileReference; explicitFileType = wrapper.application; includeInIndex = 0; path = WeddingGuestListManager.app; sourceTree = BUILT_PRODUCTS_DIR; };
		ACF3170318EBD60C006C45F7 /* Foundation.framework */ = {isa = PBXFileReference; lastKnownFileType = wrapper.framework; name = Foundation.framework; path = System/Library/Frameworks/Foundation.framework; sourceTree = SDKROOT; };
		ACF3170518EBD60C006C45F7 /* CoreGraphics.framework */ = {isa = PBXFileReference; lastKnownFileType = wrapper.framework; name = CoreGraphics.framework; path = System/Library/Frameworks/CoreGraphics.framework; sourceTree = SDKROOT; };
		ACF3170718EBD60C006C45F7 /* UIKit.framework */ = {isa = PBXFileReference; lastKnownFileType = wrapper.framework; name = UIKit.framework; path = System/Library/Frameworks/UIKit.framework; sourceTree = SDKROOT; };
		ACF3170B18EBD60C006C45F7 /* WeddingGuestListManager-Info.plist */ = {isa = PBXFileReference; lastKnownFileType = text.plist.xml; path = "WeddingGuestListManager-Info.plist"; sourceTree = "<group>"; };
		ACF3170D18EBD60C006C45F7 /* en */ = {isa = PBXFileReference; lastKnownFileType = text.plist.strings; name = en; path = en.lproj/InfoPlist.strings; sourceTree = "<group>"; };
		ACF3170F18EBD60C006C45F7 /* main.m */ = {isa = PBXFileReference; lastKnownFileType = sourcecode.c.objc; path = main.m; sourceTree = "<group>"; };
		ACF3171118EBD60C006C45F7 /* WeddingGuestListManager-Prefix.pch */ = {isa = PBXFileReference; lastKnownFileType = sourcecode.c.h; path = "WeddingGuestListManager-Prefix.pch"; sourceTree = "<group>"; };
		ACF3171218EBD60C006C45F7 /* AppDelegate.h */ = {isa = PBXFileReference; lastKnownFileType = sourcecode.c.h; path = AppDelegate.h; sourceTree = "<group>"; };
		ACF3171318EBD60C006C45F7 /* AppDelegate.m */ = {isa = PBXFileReference; lastKnownFileType = sourcecode.c.objc; path = AppDelegate.m; sourceTree = "<group>"; };
		ACF3171518EBD60C006C45F7 /* Images.xcassets */ = {isa = PBXFileReference; lastKnownFileType = folder.assetcatalog; path = Images.xcassets; sourceTree = "<group>"; };
		ACF3171B18EBD60C006C45F7 /* WeddingGuestListManagerTests.xctest */ = {isa = PBXFileReference; explicitFileType = wrapper.cfbundle; includeInIndex = 0; path = WeddingGuestListManagerTests.xctest; sourceTree = BUILT_PRODUCTS_DIR; };
		ACF3171C18EBD60C006C45F7 /* XCTest.framework */ = {isa = PBXFileReference; lastKnownFileType = wrapper.framework; name = XCTest.framework; path = Library/Frameworks/XCTest.framework; sourceTree = DEVELOPER_DIR; };
		ACF3172418EBD60C006C45F7 /* WeddingGuestListManagerTests-Info.plist */ = {isa = PBXFileReference; lastKnownFileType = text.plist.xml; path = "WeddingGuestListManagerTests-Info.plist"; sourceTree = "<group>"; };
		ACF3172618EBD60C006C45F7 /* en */ = {isa = PBXFileReference; lastKnownFileType = text.plist.strings; name = en; path = en.lproj/InfoPlist.strings; sourceTree = "<group>"; };
		ACF3172818EBD60C006C45F7 /* WeddingGuestListManagerTests.m */ = {isa = PBXFileReference; lastKnownFileType = sourcecode.c.objc; path = WeddingGuestListManagerTests.m; sourceTree = "<group>"; };
		EC346E4D18FB783F00B96799 /* MailgunHelperClient.h */ = {isa = PBXFileReference; fileEncoding = 4; lastKnownFileType = sourcecode.c.h; path = MailgunHelperClient.h; sourceTree = "<group>"; };
		EC346E4E18FB783F00B96799 /* MailgunHelperClient.m */ = {isa = PBXFileReference; fileEncoding = 4; lastKnownFileType = sourcecode.c.objc; path = MailgunHelperClient.m; sourceTree = "<group>"; };
		EC346E5118FBA66F00B96799 /* InviteMessageViewController.h */ = {isa = PBXFileReference; fileEncoding = 4; lastKnownFileType = sourcecode.c.h; path = InviteMessageViewController.h; sourceTree = "<group>"; };
		EC346E5218FBA66F00B96799 /* InviteMessageViewController.m */ = {isa = PBXFileReference; fileEncoding = 4; lastKnownFileType = sourcecode.c.objc; path = InviteMessageViewController.m; sourceTree = "<group>"; };
		EC346E5318FBA66F00B96799 /* InviteMessageViewController.xib */ = {isa = PBXFileReference; fileEncoding = 4; lastKnownFileType = file.xib; path = InviteMessageViewController.xib; sourceTree = "<group>"; };
		EC346E5618FCB6CD00B96799 /* MessageCenterViewController.h */ = {isa = PBXFileReference; fileEncoding = 4; lastKnownFileType = sourcecode.c.h; path = MessageCenterViewController.h; sourceTree = "<group>"; };
		EC346E5718FCB6CD00B96799 /* MessageCenterViewController.m */ = {isa = PBXFileReference; fileEncoding = 4; lastKnownFileType = sourcecode.c.objc; path = MessageCenterViewController.m; sourceTree = "<group>"; };
		EC346E5818FCB6CD00B96799 /* MessageCenterViewController.xib */ = {isa = PBXFileReference; fileEncoding = 4; lastKnownFileType = file.xib; path = MessageCenterViewController.xib; sourceTree = "<group>"; };
		EC346E5B18FCB7C800B96799 /* RequestInfoViewController.h */ = {isa = PBXFileReference; fileEncoding = 4; lastKnownFileType = sourcecode.c.h; name = RequestInfoViewController.h; path = ../RequestInfoViewController.h; sourceTree = "<group>"; };
		EC346E5C18FCB7C800B96799 /* RequestInfoViewController.m */ = {isa = PBXFileReference; fileEncoding = 4; lastKnownFileType = sourcecode.c.objc; name = RequestInfoViewController.m; path = ../RequestInfoViewController.m; sourceTree = "<group>"; };
		EC346E5D18FCB7C800B96799 /* RequestInfoViewController.xib */ = {isa = PBXFileReference; fileEncoding = 4; lastKnownFileType = file.xib; name = RequestInfoViewController.xib; path = ../RequestInfoViewController.xib; sourceTree = "<group>"; };
		EC88D23018F0B06800A4CBC6 /* LoginViewController.h */ = {isa = PBXFileReference; fileEncoding = 4; lastKnownFileType = sourcecode.c.h; path = LoginViewController.h; sourceTree = "<group>"; };
		EC88D23118F0B06800A4CBC6 /* LoginViewController.m */ = {isa = PBXFileReference; fileEncoding = 4; lastKnownFileType = sourcecode.c.objc; path = LoginViewController.m; sourceTree = "<group>"; };
		EC88D23218F0B06800A4CBC6 /* LoginViewController.xib */ = {isa = PBXFileReference; fileEncoding = 4; lastKnownFileType = file.xib; path = LoginViewController.xib; sourceTree = "<group>"; };
		EC88D23518F0B9EE00A4CBC6 /* WeddingInfoViewController.h */ = {isa = PBXFileReference; fileEncoding = 4; lastKnownFileType = sourcecode.c.h; path = WeddingInfoViewController.h; sourceTree = "<group>"; };
		EC88D23618F0B9EE00A4CBC6 /* WeddingInfoViewController.m */ = {isa = PBXFileReference; fileEncoding = 4; lastKnownFileType = sourcecode.c.objc; path = WeddingInfoViewController.m; sourceTree = "<group>"; };
		EC88D23718F0B9EE00A4CBC6 /* WeddingInfoViewController.xib */ = {isa = PBXFileReference; fileEncoding = 4; lastKnownFileType = file.xib; path = WeddingInfoViewController.xib; sourceTree = "<group>"; };
		F651D753892C4AA7B9C11177 /* libPods.a */ = {isa = PBXFileReference; explicitFileType = archive.ar; includeInIndex = 0; path = libPods.a; sourceTree = BUILT_PRODUCTS_DIR; };
/* End PBXFileReference section */

/* Begin PBXFrameworksBuildPhase section */
		ACF316FD18EBD60C006C45F7 /* Frameworks */ = {
			isa = PBXFrameworksBuildPhase;
			buildActionMask = 2147483647;
			files = (
				AC0D609818FA2B4F00409D4C /* AddressBookUI.framework in Frameworks */,
				AC0D609618FA2B4500409D4C /* AddressBook.framework in Frameworks */,
				ACF3170618EBD60C006C45F7 /* CoreGraphics.framework in Frameworks */,
				ACF3170818EBD60C006C45F7 /* UIKit.framework in Frameworks */,
				ACF3170418EBD60C006C45F7 /* Foundation.framework in Frameworks */,
				DA140A8D08EB4C97B90D3A7A /* libPods.a in Frameworks */,
			);
			runOnlyForDeploymentPostprocessing = 0;
		};
		ACF3171818EBD60C006C45F7 /* Frameworks */ = {
			isa = PBXFrameworksBuildPhase;
			buildActionMask = 2147483647;
			files = (
				ACF3171D18EBD60C006C45F7 /* XCTest.framework in Frameworks */,
				ACF3171F18EBD60C006C45F7 /* UIKit.framework in Frameworks */,
				ACF3171E18EBD60C006C45F7 /* Foundation.framework in Frameworks */,
			);
			runOnlyForDeploymentPostprocessing = 0;
		};
/* End PBXFrameworksBuildPhase section */

/* Begin PBXGroup section */
		AC0D607E18F9BDB100409D4C /* View Controllers */ = {
			isa = PBXGroup;
			children = (
				9DB965B818F0AAAD00F88E6B /* MainViewController.h */,
				9DB965B918F0AAAD00F88E6B /* MainViewController.m */,
				9DB965BA18F0AAAD00F88E6B /* MainViewController.xib */,
				EC88D23018F0B06800A4CBC6 /* LoginViewController.h */,
				EC88D23118F0B06800A4CBC6 /* LoginViewController.m */,
				EC88D23218F0B06800A4CBC6 /* LoginViewController.xib */,
				EC88D23518F0B9EE00A4CBC6 /* WeddingInfoViewController.h */,
				EC88D23618F0B9EE00A4CBC6 /* WeddingInfoViewController.m */,
				EC88D23718F0B9EE00A4CBC6 /* WeddingInfoViewController.xib */,
				AC0D608B18F9F36500409D4C /* CreateWeddingViewController.h */,
				AC0D608C18F9F36500409D4C /* CreateWeddingViewController.m */,
				AC0D608D18F9F36500409D4C /* CreateWeddingViewController.xib */,
				AC0D609918FB46F600409D4C /* GuestlistTableViewController.h */,
				AC0D609A18FB46F600409D4C /* GuestlistTableViewController.m */,
				AC0D609B18FB46F600409D4C /* GuestlistTableViewController.xib */,
				AC9BBAF019023108006A35EA /* CustomParseLoginViewController.h */,
				AC9BBAF119023108006A35EA /* CustomParseLoginViewController.m */,
				AC9FD92619033405005AFADF /* CustomParseSignupViewController.h */,
				AC9FD92719033405005AFADF /* CustomParseSignupViewController.m */,
			);
			name = "View Controllers";
			sourceTree = "<group>";
		};
		AC0D607F18F9BDC500409D4C /* Models */ = {
			isa = PBXGroup;
			children = (
			);
			name = Models;
			sourceTree = "<group>";
		};
		AC0D608018F9BDCC00409D4C /* Views */ = {
			isa = PBXGroup;
			children = (
				AC0D609E18FB789400409D4C /* GuestlistTableViewCell.h */,
				AC0D609F18FB789400409D4C /* GuestlistTableViewCell.m */,
				AC0D60A018FB789400409D4C /* GuestlistTableViewCell.xib */,
			);
			name = Views;
			sourceTree = "<group>";
		};
		ACF316F718EBD60C006C45F7 = {
			isa = PBXGroup;
			children = (
				ACF3170918EBD60C006C45F7 /* WeddingGuestListManager */,
				ACF3172218EBD60C006C45F7 /* WeddingGuestListManagerTests */,
				ACF3170218EBD60C006C45F7 /* Frameworks */,
				ACF3170118EBD60C006C45F7 /* Products */,
				589093FBA71147EFAB74E19E /* Pods.xcconfig */,
			);
			sourceTree = "<group>";
		};
		ACF3170118EBD60C006C45F7 /* Products */ = {
			isa = PBXGroup;
			children = (
				ACF3170018EBD60C006C45F7 /* WeddingGuestListManager.app */,
				ACF3171B18EBD60C006C45F7 /* WeddingGuestListManagerTests.xctest */,
			);
			name = Products;
			sourceTree = "<group>";
		};
		ACF3170218EBD60C006C45F7 /* Frameworks */ = {
			isa = PBXGroup;
			children = (
				AC0D609718FA2B4F00409D4C /* AddressBookUI.framework */,
				AC0D609518FA2B4500409D4C /* AddressBook.framework */,
				ACF3170318EBD60C006C45F7 /* Foundation.framework */,
				ACF3170518EBD60C006C45F7 /* CoreGraphics.framework */,
				ACF3170718EBD60C006C45F7 /* UIKit.framework */,
				ACF3171C18EBD60C006C45F7 /* XCTest.framework */,
				F651D753892C4AA7B9C11177 /* libPods.a */,
			);
			name = Frameworks;
			sourceTree = "<group>";
		};
		ACF3170918EBD60C006C45F7 /* WeddingGuestListManager */ = {
			isa = PBXGroup;
			children = (
				EC346E5018FB784600B96799 /* API */,
				AC0D608018F9BDCC00409D4C /* Views */,
				AC0D607F18F9BDC500409D4C /* Models */,
				AC0D607E18F9BDB100409D4C /* View Controllers */,
				ACF3171218EBD60C006C45F7 /* AppDelegate.h */,
				ACF3171318EBD60C006C45F7 /* AppDelegate.m */,
				ACF3171518EBD60C006C45F7 /* Images.xcassets */,
				ACF3170A18EBD60C006C45F7 /* Supporting Files */,
				EC346E5118FBA66F00B96799 /* InviteMessageViewController.h */,
				EC346E5218FBA66F00B96799 /* InviteMessageViewController.m */,
				EC346E5318FBA66F00B96799 /* InviteMessageViewController.xib */,
				EC346E5618FCB6CD00B96799 /* MessageCenterViewController.h */,
				EC346E5718FCB6CD00B96799 /* MessageCenterViewController.m */,
				EC346E5818FCB6CD00B96799 /* MessageCenterViewController.xib */,
				EC346E5B18FCB7C800B96799 /* RequestInfoViewController.h */,
				EC346E5C18FCB7C800B96799 /* RequestInfoViewController.m */,
				EC346E5D18FCB7C800B96799 /* RequestInfoViewController.xib */,
			);
			path = WeddingGuestListManager;
			sourceTree = "<group>";
		};
		ACF3170A18EBD60C006C45F7 /* Supporting Files */ = {
			isa = PBXGroup;
			children = (
				ACF3170B18EBD60C006C45F7 /* WeddingGuestListManager-Info.plist */,
				ACF3170C18EBD60C006C45F7 /* InfoPlist.strings */,
				ACF3170F18EBD60C006C45F7 /* main.m */,
				ACF3171118EBD60C006C45F7 /* WeddingGuestListManager-Prefix.pch */,
			);
			name = "Supporting Files";
			sourceTree = "<group>";
		};
		ACF3172218EBD60C006C45F7 /* WeddingGuestListManagerTests */ = {
			isa = PBXGroup;
			children = (
				ACF3172818EBD60C006C45F7 /* WeddingGuestListManagerTests.m */,
				ACF3172318EBD60C006C45F7 /* Supporting Files */,
			);
			path = WeddingGuestListManagerTests;
			sourceTree = "<group>";
		};
		ACF3172318EBD60C006C45F7 /* Supporting Files */ = {
			isa = PBXGroup;
			children = (
				ACF3172418EBD60C006C45F7 /* WeddingGuestListManagerTests-Info.plist */,
				ACF3172518EBD60C006C45F7 /* InfoPlist.strings */,
			);
			name = "Supporting Files";
			sourceTree = "<group>";
		};
		EC346E5018FB784600B96799 /* API */ = {
			isa = PBXGroup;
			children = (
				EC346E4D18FB783F00B96799 /* MailgunHelperClient.h */,
				EC346E4E18FB783F00B96799 /* MailgunHelperClient.m */,
			);
			name = API;
			sourceTree = "<group>";
		};
/* End PBXGroup section */

/* Begin PBXNativeTarget section */
		ACF316FF18EBD60C006C45F7 /* WeddingGuestListManager */ = {
			isa = PBXNativeTarget;
			buildConfigurationList = ACF3172C18EBD60C006C45F7 /* Build configuration list for PBXNativeTarget "WeddingGuestListManager" */;
			buildPhases = (
				072E15AAFFD845AAB31B296B /* Check Pods Manifest.lock */,
				ACF316FC18EBD60C006C45F7 /* Sources */,
				ACF316FD18EBD60C006C45F7 /* Frameworks */,
				ACF316FE18EBD60C006C45F7 /* Resources */,
				8FDCAE29210B44989482F260 /* Copy Pods Resources */,
			);
			buildRules = (
			);
			dependencies = (
			);
			name = WeddingGuestListManager;
			productName = WeddingGuestListManager;
			productReference = ACF3170018EBD60C006C45F7 /* WeddingGuestListManager.app */;
			productType = "com.apple.product-type.application";
		};
		ACF3171A18EBD60C006C45F7 /* WeddingGuestListManagerTests */ = {
			isa = PBXNativeTarget;
			buildConfigurationList = ACF3172F18EBD60C006C45F7 /* Build configuration list for PBXNativeTarget "WeddingGuestListManagerTests" */;
			buildPhases = (
				ACF3171718EBD60C006C45F7 /* Sources */,
				ACF3171818EBD60C006C45F7 /* Frameworks */,
				ACF3171918EBD60C006C45F7 /* Resources */,
			);
			buildRules = (
			);
			dependencies = (
				ACF3172118EBD60C006C45F7 /* PBXTargetDependency */,
			);
			name = WeddingGuestListManagerTests;
			productName = WeddingGuestListManagerTests;
			productReference = ACF3171B18EBD60C006C45F7 /* WeddingGuestListManagerTests.xctest */;
			productType = "com.apple.product-type.bundle.unit-test";
		};
/* End PBXNativeTarget section */

/* Begin PBXProject section */
		ACF316F818EBD60C006C45F7 /* Project object */ = {
			isa = PBXProject;
			attributes = {
				LastUpgradeCheck = 0510;
				ORGANIZATIONNAME = Team1;
				TargetAttributes = {
					ACF3171A18EBD60C006C45F7 = {
						TestTargetID = ACF316FF18EBD60C006C45F7;
					};
				};
			};
			buildConfigurationList = ACF316FB18EBD60C006C45F7 /* Build configuration list for PBXProject "WeddingGuestListManager" */;
			compatibilityVersion = "Xcode 3.2";
			developmentRegion = English;
			hasScannedForEncodings = 0;
			knownRegions = (
				en,
			);
			mainGroup = ACF316F718EBD60C006C45F7;
			productRefGroup = ACF3170118EBD60C006C45F7 /* Products */;
			projectDirPath = "";
			projectRoot = "";
			targets = (
				ACF316FF18EBD60C006C45F7 /* WeddingGuestListManager */,
				ACF3171A18EBD60C006C45F7 /* WeddingGuestListManagerTests */,
			);
		};
/* End PBXProject section */

/* Begin PBXResourcesBuildPhase section */
		ACF316FE18EBD60C006C45F7 /* Resources */ = {
			isa = PBXResourcesBuildPhase;
			buildActionMask = 2147483647;
			files = (
				AC0D609D18FB46F600409D4C /* GuestlistTableViewController.xib in Resources */,
				EC88D23918F0B9EE00A4CBC6 /* WeddingInfoViewController.xib in Resources */,
				AC0D60A218FB789400409D4C /* GuestlistTableViewCell.xib in Resources */,
				EC88D23418F0B06800A4CBC6 /* LoginViewController.xib in Resources */,
				EC346E5F18FCB7C800B96799 /* RequestInfoViewController.xib in Resources */,
				ACF3170E18EBD60C006C45F7 /* InfoPlist.strings in Resources */,
				EC346E5518FBA66F00B96799 /* InviteMessageViewController.xib in Resources */,
				9DB965BC18F0AAAD00F88E6B /* MainViewController.xib in Resources */,
				EC346E5A18FCB6CD00B96799 /* MessageCenterViewController.xib in Resources */,
				ACF3171618EBD60C006C45F7 /* Images.xcassets in Resources */,
				AC0D608F18F9F36500409D4C /* CreateWeddingViewController.xib in Resources */,
			);
			runOnlyForDeploymentPostprocessing = 0;
		};
		ACF3171918EBD60C006C45F7 /* Resources */ = {
			isa = PBXResourcesBuildPhase;
			buildActionMask = 2147483647;
			files = (
				ACF3172718EBD60C006C45F7 /* InfoPlist.strings in Resources */,
			);
			runOnlyForDeploymentPostprocessing = 0;
		};
/* End PBXResourcesBuildPhase section */

/* Begin PBXShellScriptBuildPhase section */
		072E15AAFFD845AAB31B296B /* Check Pods Manifest.lock */ = {
			isa = PBXShellScriptBuildPhase;
			buildActionMask = 2147483647;
			files = (
			);
			inputPaths = (
			);
			name = "Check Pods Manifest.lock";
			outputPaths = (
			);
			runOnlyForDeploymentPostprocessing = 0;
			shellPath = /bin/sh;
			shellScript = "diff \"${PODS_ROOT}/../Podfile.lock\" \"${PODS_ROOT}/Manifest.lock\" > /dev/null\nif [[ $? != 0 ]] ; then\n    cat << EOM\nerror: The sandbox is not in sync with the Podfile.lock. Run 'pod install' or update your CocoaPods installation.\nEOM\n    exit 1\nfi\n";
			showEnvVarsInLog = 0;
		};
		8FDCAE29210B44989482F260 /* Copy Pods Resources */ = {
			isa = PBXShellScriptBuildPhase;
			buildActionMask = 2147483647;
			files = (
			);
			inputPaths = (
			);
			name = "Copy Pods Resources";
			outputPaths = (
			);
			runOnlyForDeploymentPostprocessing = 0;
			shellPath = /bin/sh;
			shellScript = "\"${SRCROOT}/Pods/Pods-resources.sh\"\n";
			showEnvVarsInLog = 0;
		};
/* End PBXShellScriptBuildPhase section */

/* Begin PBXSourcesBuildPhase section */
		ACF316FC18EBD60C006C45F7 /* Sources */ = {
			isa = PBXSourcesBuildPhase;
			buildActionMask = 2147483647;
			files = (
				EC346E4F18FB783F00B96799 /* MailgunHelperClient.m in Sources */,
				EC88D23318F0B06800A4CBC6 /* LoginViewController.m in Sources */,
				AC0D608E18F9F36500409D4C /* CreateWeddingViewController.m in Sources */,
				AC0D60A118FB789400409D4C /* GuestlistTableViewCell.m in Sources */,
				ACF3171418EBD60C006C45F7 /* AppDelegate.m in Sources */,
				EC346E5418FBA66F00B96799 /* InviteMessageViewController.m in Sources */,
				AC9BBAF219023108006A35EA /* CustomParseLoginViewController.m in Sources */,
				9DB965BB18F0AAAD00F88E6B /* MainViewController.m in Sources */,
				EC346E5E18FCB7C800B96799 /* RequestInfoViewController.m in Sources */,
				AC9FD92819033405005AFADF /* CustomParseSignupViewController.m in Sources */,
				EC346E5918FCB6CD00B96799 /* MessageCenterViewController.m in Sources */,
				AC0D609C18FB46F600409D4C /* GuestlistTableViewController.m in Sources */,
				ACF3171018EBD60C006C45F7 /* main.m in Sources */,
				EC88D23818F0B9EE00A4CBC6 /* WeddingInfoViewController.m in Sources */,
			);
			runOnlyForDeploymentPostprocessing = 0;
		};
		ACF3171718EBD60C006C45F7 /* Sources */ = {
			isa = PBXSourcesBuildPhase;
			buildActionMask = 2147483647;
			files = (
				ACF3172918EBD60C006C45F7 /* WeddingGuestListManagerTests.m in Sources */,
			);
			runOnlyForDeploymentPostprocessing = 0;
		};
/* End PBXSourcesBuildPhase section */

/* Begin PBXTargetDependency section */
		ACF3172118EBD60C006C45F7 /* PBXTargetDependency */ = {
			isa = PBXTargetDependency;
			target = ACF316FF18EBD60C006C45F7 /* WeddingGuestListManager */;
			targetProxy = ACF3172018EBD60C006C45F7 /* PBXContainerItemProxy */;
		};
/* End PBXTargetDependency section */

/* Begin PBXVariantGroup section */
		ACF3170C18EBD60C006C45F7 /* InfoPlist.strings */ = {
			isa = PBXVariantGroup;
			children = (
				ACF3170D18EBD60C006C45F7 /* en */,
			);
			name = InfoPlist.strings;
			sourceTree = "<group>";
		};
		ACF3172518EBD60C006C45F7 /* InfoPlist.strings */ = {
			isa = PBXVariantGroup;
			children = (
				ACF3172618EBD60C006C45F7 /* en */,
			);
			name = InfoPlist.strings;
			sourceTree = "<group>";
		};
/* End PBXVariantGroup section */

/* Begin XCBuildConfiguration section */
		ACF3172A18EBD60C006C45F7 /* Debug */ = {
			isa = XCBuildConfiguration;
			buildSettings = {
				ALWAYS_SEARCH_USER_PATHS = NO;
				CLANG_CXX_LANGUAGE_STANDARD = "gnu++0x";
				CLANG_CXX_LIBRARY = "libc++";
				CLANG_ENABLE_MODULES = YES;
				CLANG_ENABLE_OBJC_ARC = YES;
				CLANG_WARN_BOOL_CONVERSION = YES;
				CLANG_WARN_CONSTANT_CONVERSION = YES;
				CLANG_WARN_DIRECT_OBJC_ISA_USAGE = YES_ERROR;
				CLANG_WARN_EMPTY_BODY = YES;
				CLANG_WARN_ENUM_CONVERSION = YES;
				CLANG_WARN_INT_CONVERSION = YES;
				CLANG_WARN_OBJC_ROOT_CLASS = YES_ERROR;
				CLANG_WARN__DUPLICATE_METHOD_MATCH = YES;
				"CODE_SIGN_IDENTITY[sdk=iphoneos*]" = "iPhone Developer";
				COPY_PHASE_STRIP = NO;
				GCC_C_LANGUAGE_STANDARD = gnu99;
				GCC_DYNAMIC_NO_PIC = NO;
				GCC_OPTIMIZATION_LEVEL = 0;
				GCC_PREPROCESSOR_DEFINITIONS = (
					"DEBUG=1",
					"$(inherited)",
				);
				GCC_SYMBOLS_PRIVATE_EXTERN = NO;
				GCC_WARN_64_TO_32_BIT_CONVERSION = YES;
				GCC_WARN_ABOUT_RETURN_TYPE = YES_ERROR;
				GCC_WARN_UNDECLARED_SELECTOR = YES;
				GCC_WARN_UNINITIALIZED_AUTOS = YES_AGGRESSIVE;
				GCC_WARN_UNUSED_FUNCTION = YES;
				GCC_WARN_UNUSED_VARIABLE = YES;
				IPHONEOS_DEPLOYMENT_TARGET = 7.1;
				ONLY_ACTIVE_ARCH = YES;
				SDKROOT = iphoneos;
			};
			name = Debug;
		};
		ACF3172B18EBD60C006C45F7 /* Release */ = {
			isa = XCBuildConfiguration;
			buildSettings = {
				ALWAYS_SEARCH_USER_PATHS = NO;
				CLANG_CXX_LANGUAGE_STANDARD = "gnu++0x";
				CLANG_CXX_LIBRARY = "libc++";
				CLANG_ENABLE_MODULES = YES;
				CLANG_ENABLE_OBJC_ARC = YES;
				CLANG_WARN_BOOL_CONVERSION = YES;
				CLANG_WARN_CONSTANT_CONVERSION = YES;
				CLANG_WARN_DIRECT_OBJC_ISA_USAGE = YES_ERROR;
				CLANG_WARN_EMPTY_BODY = YES;
				CLANG_WARN_ENUM_CONVERSION = YES;
				CLANG_WARN_INT_CONVERSION = YES;
				CLANG_WARN_OBJC_ROOT_CLASS = YES_ERROR;
				CLANG_WARN__DUPLICATE_METHOD_MATCH = YES;
				"CODE_SIGN_IDENTITY[sdk=iphoneos*]" = "iPhone Developer";
				COPY_PHASE_STRIP = YES;
				ENABLE_NS_ASSERTIONS = NO;
				GCC_C_LANGUAGE_STANDARD = gnu99;
				GCC_WARN_64_TO_32_BIT_CONVERSION = YES;
				GCC_WARN_ABOUT_RETURN_TYPE = YES_ERROR;
				GCC_WARN_UNDECLARED_SELECTOR = YES;
				GCC_WARN_UNINITIALIZED_AUTOS = YES_AGGRESSIVE;
				GCC_WARN_UNUSED_FUNCTION = YES;
				GCC_WARN_UNUSED_VARIABLE = YES;
				IPHONEOS_DEPLOYMENT_TARGET = 7.1;
				SDKROOT = iphoneos;
				VALIDATE_PRODUCT = YES;
			};
			name = Release;
		};
		ACF3172D18EBD60C006C45F7 /* Debug */ = {
			isa = XCBuildConfiguration;
			baseConfigurationReference = 589093FBA71147EFAB74E19E /* Pods.xcconfig */;
			buildSettings = {
				ASSETCATALOG_COMPILER_APPICON_NAME = AppIcon;
				ASSETCATALOG_COMPILER_LAUNCHIMAGE_NAME = LaunchImage;
				GCC_PRECOMPILE_PREFIX_HEADER = YES;
				GCC_PREFIX_HEADER = "WeddingGuestListManager/WeddingGuestListManager-Prefix.pch";
				INFOPLIST_FILE = "WeddingGuestListManager/WeddingGuestListManager-Info.plist";
				PRODUCT_NAME = "$(TARGET_NAME)";
				WRAPPER_EXTENSION = app;
			};
			name = Debug;
		};
		ACF3172E18EBD60C006C45F7 /* Release */ = {
			isa = XCBuildConfiguration;
			baseConfigurationReference = 589093FBA71147EFAB74E19E /* Pods.xcconfig */;
			buildSettings = {
				ASSETCATALOG_COMPILER_APPICON_NAME = AppIcon;
				ASSETCATALOG_COMPILER_LAUNCHIMAGE_NAME = LaunchImage;
				GCC_PRECOMPILE_PREFIX_HEADER = YES;
				GCC_PREFIX_HEADER = "WeddingGuestListManager/WeddingGuestListManager-Prefix.pch";
				INFOPLIST_FILE = "WeddingGuestListManager/WeddingGuestListManager-Info.plist";
				PRODUCT_NAME = "$(TARGET_NAME)";
				WRAPPER_EXTENSION = app;
			};
			name = Release;
		};
		ACF3173018EBD60C006C45F7 /* Debug */ = {
			isa = XCBuildConfiguration;
			buildSettings = {
				BUNDLE_LOADER = "$(BUILT_PRODUCTS_DIR)/WeddingGuestListManager.app/WeddingGuestListManager";
				FRAMEWORK_SEARCH_PATHS = (
					"$(SDKROOT)/Developer/Library/Frameworks",
					"$(inherited)",
					"$(DEVELOPER_FRAMEWORKS_DIR)",
				);
				GCC_PRECOMPILE_PREFIX_HEADER = YES;
				GCC_PREFIX_HEADER = "WeddingGuestListManager/WeddingGuestListManager-Prefix.pch";
				GCC_PREPROCESSOR_DEFINITIONS = (
					"DEBUG=1",
					"$(inherited)",
				);
				INFOPLIST_FILE = "WeddingGuestListManagerTests/WeddingGuestListManagerTests-Info.plist";
				PRODUCT_NAME = "$(TARGET_NAME)";
				TEST_HOST = "$(BUNDLE_LOADER)";
				WRAPPER_EXTENSION = xctest;
			};
			name = Debug;
		};
		ACF3173118EBD60C006C45F7 /* Release */ = {
			isa = XCBuildConfiguration;
			buildSettings = {
				BUNDLE_LOADER = "$(BUILT_PRODUCTS_DIR)/WeddingGuestListManager.app/WeddingGuestListManager";
				FRAMEWORK_SEARCH_PATHS = (
					"$(SDKROOT)/Developer/Library/Frameworks",
					"$(inherited)",
					"$(DEVELOPER_FRAMEWORKS_DIR)",
				);
				GCC_PRECOMPILE_PREFIX_HEADER = YES;
				GCC_PREFIX_HEADER = "WeddingGuestListManager/WeddingGuestListManager-Prefix.pch";
				INFOPLIST_FILE = "WeddingGuestListManagerTests/WeddingGuestListManagerTests-Info.plist";
				PRODUCT_NAME = "$(TARGET_NAME)";
				TEST_HOST = "$(BUNDLE_LOADER)";
				WRAPPER_EXTENSION = xctest;
			};
			name = Release;
		};
/* End XCBuildConfiguration section */

/* Begin XCConfigurationList section */
		ACF316FB18EBD60C006C45F7 /* Build configuration list for PBXProject "WeddingGuestListManager" */ = {
			isa = XCConfigurationList;
			buildConfigurations = (
				ACF3172A18EBD60C006C45F7 /* Debug */,
				ACF3172B18EBD60C006C45F7 /* Release */,
			);
			defaultConfigurationIsVisible = 0;
			defaultConfigurationName = Release;
		};
		ACF3172C18EBD60C006C45F7 /* Build configuration list for PBXNativeTarget "WeddingGuestListManager" */ = {
			isa = XCConfigurationList;
			buildConfigurations = (
				ACF3172D18EBD60C006C45F7 /* Debug */,
				ACF3172E18EBD60C006C45F7 /* Release */,
			);
			defaultConfigurationIsVisible = 0;
			defaultConfigurationName = Release;
		};
		ACF3172F18EBD60C006C45F7 /* Build configuration list for PBXNativeTarget "WeddingGuestListManagerTests" */ = {
			isa = XCConfigurationList;
			buildConfigurations = (
				ACF3173018EBD60C006C45F7 /* Debug */,
				ACF3173118EBD60C006C45F7 /* Release */,
			);
			defaultConfigurationIsVisible = 0;
			defaultConfigurationName = Release;
		};
/* End XCConfigurationList section */
	};
	rootObject = ACF316F818EBD60C006C45F7 /* Project object */;
}
