PODS:
  - AFNetworking (1.1.0)
  - Facebook-iOS-SDK (3.13.1)
  - mailgun (1.0.3):
    - AFNetworking (~> 1.1.0)
  - Parse (1.2.18):
    - Facebook-iOS-SDK (~> 3.11)
  - REMenu (1.8.5)

DEPENDENCIES:
  - AFNetworking (~> 1.1.0)
  - mailgun
  - Parse
  - REMenu (~> 1.8.5)

SPEC CHECKSUMS:
  AFNetworking: 761a418233d280c1e0580bcb76ff9cb4c3073d17
  Facebook-iOS-SDK: 0d121e16437981fabff9379e07bf646bd5ab245c
  mailgun: 2979f4397ad64c37bd2697feefc03a26b1d00138
  Parse: 6dd57f2af9f89dc6facc755cec4e96f8b739b1fb
  REMenu: 282a6b5feee8cce5403d7f28e15ffbc0aee359ab

COCOAPODS: 0.32.1
